
Microsoft Visual Studio Solution File, Format Version 12.00
# Visual Studio Version 17
VisualStudioVersion = 17.10.34928.147
MinimumVisualStudioVersion = 10.0.40219.1
Project("{FAE04EC0-301F-11D3-BF4B-00C04F79EFBC}") = "RegistrationSystem", "RegistrationSystem.csproj", "{0D4B8F69-16D5-424A-8F83-9C2F054256D2}"
EndProject
Global
	GlobalSection(SolutionConfigurationPlatforms) = preSolution
		Debug|Any CPU = Debug|Any CPU
		Release|Any CPU = Release|Any CPU
	EndGlobalSection
	GlobalSection(ProjectConfigurationPlatforms) = postSolution
		{0D4B8F69-16D5-424A-8F83-9C2F054256D2}.Debug|Any CPU.ActiveCfg = Debug|Any CPU
		{0D4B8F69-16D5-424A-8F83-9C2F054256D2}.Debug|Any CPU.Build.0 = Debug|Any CPU
		{0D4B8F69-16D5-424A-8F83-9C2F054256D2}.Release|Any CPU.ActiveCfg = Release|Any CPU
		{0D4B8F69-16D5-424A-8F83-9C2F054256D2}.Release|Any CPU.Build.0 = Release|Any CPU
	EndGlobalSection
	GlobalSection(SolutionProperties) = preSolution
		HideSolutionNode = FALSE
	EndGlobalSection
	GlobalSection(ExtensibilityGlobals) = postSolution
		SolutionGuid = {D137C0E4-1DF0-4F5A-BCBB-FA98D9D40313}
	EndGlobalSection
EndGlobal
